// !$*UTF8*$!
{
	archiveVersion = 1;
	classes = {
	};
	objectVersion = 54;
	objects = {

/* Begin PBXBuildFile section */
		846444092068EB2E00D48A21 /* AppDelegate.swift in Sources */ = {isa = PBXBuildFile; fileRef = 846444082068EB2E00D48A21 /* AppDelegate.swift */; };
		8464440B2068EB2E00D48A21 /* ConfigureClientViewController.swift in Sources */ = {isa = PBXBuildFile; fileRef = 8464440A2068EB2E00D48A21 /* ConfigureClientViewController.swift */; };
		846444102068EB2E00D48A21 /* Images.xcassets in Resources */ = {isa = PBXBuildFile; fileRef = 8464440F2068EB2E00D48A21 /* Images.xcassets */; };
		846444132068EB2E00D48A21 /* LaunchScreen.storyboard in Resources */ = {isa = PBXBuildFile; fileRef = 846444112068EB2E00D48A21 /* LaunchScreen.storyboard */; };
		84716DFB20D4CA6D00564EDD /* Constants.swift in Sources */ = {isa = PBXBuildFile; fileRef = 84716DFA20D4CA6D00564EDD /* Constants.swift */; };
		999583B42C5FFA5000F7DE73 /* ChatViewController.swift in Sources */ = {isa = PBXBuildFile; fileRef = 999583B32C5FFA5000F7DE73 /* ChatViewController.swift */; };
		999583B62C5FFF9A00F7DE73 /* IncomingMessageCell.swift in Sources */ = {isa = PBXBuildFile; fileRef = 999583B52C5FFF9A00F7DE73 /* IncomingMessageCell.swift */; };
		999583B82C60006E00F7DE73 /* Colors.xcassets in Resources */ = {isa = PBXBuildFile; fileRef = 999583B72C60006E00F7DE73 /* Colors.xcassets */; };
		999583BA2C6001A300F7DE73 /* OutgoingMessageCell.swift in Sources */ = {isa = PBXBuildFile; fileRef = 999583B92C6001A300F7DE73 /* OutgoingMessageCell.swift */; };
		999583BC2C600C7700F7DE73 /* ChatMessage.swift in Sources */ = {isa = PBXBuildFile; fileRef = 999583BB2C600C7700F7DE73 /* ChatMessage.swift */; };
		99B8C0C52C5F765600F98A16 /* MQTTManager.swift in Sources */ = {isa = PBXBuildFile; fileRef = 99B8C0C42C5F765600F98A16 /* MQTTManager.swift */; };
		99B8C0C82C5F76CF00F98A16 /* MQTTNIO in Frameworks */ = {isa = PBXBuildFile; productRef = 99B8C0C72C5F76CF00F98A16 /* MQTTNIO */; };
/* End PBXBuildFile section */

/* Begin PBXFileReference section */
		846444052068EB2E00D48A21 /* ChatApp.app */ = {isa = PBXFileReference; explicitFileType = wrapper.application; includeInIndex = 0; path = ChatApp.app; sourceTree = BUILT_PRODUCTS_DIR; };
		846444082068EB2E00D48A21 /* AppDelegate.swift */ = {isa = PBXFileReference; lastKnownFileType = sourcecode.swift; path = AppDelegate.swift; sourceTree = "<group>"; };
		8464440A2068EB2E00D48A21 /* ConfigureClientViewController.swift */ = {isa = PBXFileReference; lastKnownFileType = sourcecode.swift; path = ConfigureClientViewController.swift; sourceTree = "<group>"; };
		8464440F2068EB2E00D48A21 /* Images.xcassets */ = {isa = PBXFileReference; lastKnownFileType = folder.assetcatalog; path = Images.xcassets; sourceTree = "<group>"; };
		846444122068EB2E00D48A21 /* Base */ = {isa = PBXFileReference; lastKnownFileType = file.storyboard; name = Base; path = Base.lproj/LaunchScreen.storyboard; sourceTree = "<group>"; };
		846444142068EB2E00D48A21 /* Info.plist */ = {isa = PBXFileReference; lastKnownFileType = text.plist.xml; path = Info.plist; sourceTree = "<group>"; };
		84716DFA20D4CA6D00564EDD /* Constants.swift */ = {isa = PBXFileReference; lastKnownFileType = sourcecode.swift; path = Constants.swift; sourceTree = "<group>"; };
		999583B32C5FFA5000F7DE73 /* ChatViewController.swift */ = {isa = PBXFileReference; lastKnownFileType = sourcecode.swift; path = ChatViewController.swift; sourceTree = "<group>"; };
		999583B52C5FFF9A00F7DE73 /* IncomingMessageCell.swift */ = {isa = PBXFileReference; lastKnownFileType = sourcecode.swift; path = IncomingMessageCell.swift; sourceTree = "<group>"; };
		999583B72C60006E00F7DE73 /* Colors.xcassets */ = {isa = PBXFileReference; lastKnownFileType = folder.assetcatalog; path = Colors.xcassets; sourceTree = "<group>"; };
		999583B92C6001A300F7DE73 /* OutgoingMessageCell.swift */ = {isa = PBXFileReference; lastKnownFileType = sourcecode.swift; path = OutgoingMessageCell.swift; sourceTree = "<group>"; };
		999583BB2C600C7700F7DE73 /* ChatMessage.swift */ = {isa = PBXFileReference; lastKnownFileType = sourcecode.swift; path = ChatMessage.swift; sourceTree = "<group>"; };
		99B8C0C42C5F765600F98A16 /* MQTTManager.swift */ = {isa = PBXFileReference; lastKnownFileType = sourcecode.swift; path = MQTTManager.swift; sourceTree = "<group>"; };
/* End PBXFileReference section */

/* Begin PBXFrameworksBuildPhase section */
		846444022068EB2E00D48A21 /* Frameworks */ = {
			isa = PBXFrameworksBuildPhase;
			buildActionMask = 2147483647;
			files = (
				99B8C0C82C5F76CF00F98A16 /* MQTTNIO in Frameworks */,
			);
			runOnlyForDeploymentPostprocessing = 0;
		};
/* End PBXFrameworksBuildPhase section */

/* Begin PBXGroup section */
		846443FC2068EB2D00D48A21 = {
			isa = PBXGroup;
			children = (
				846444072068EB2E00D48A21 /* ChatApp */,
				846444062068EB2E00D48A21 /* Products */,
			);
			sourceTree = "<group>";
		};
		846444062068EB2E00D48A21 /* Products */ = {
			isa = PBXGroup;
			children = (
				846444052068EB2E00D48A21 /* ChatApp.app */,
			);
			name = Products;
			sourceTree = "<group>";
		};
		846444072068EB2E00D48A21 /* ChatApp */ = {
			isa = PBXGroup;
			children = (
				99B8C0C92C5F76F700F98A16 /* Misc */,
				99B8C0C32C5F764000F98A16 /* Helper */,
				99B8C0C22C5F75A200F98A16 /* Storyborad */,
				84716DF620D4C9DA00564EDD /* Resources */,
				84716DF520D4C9C700564EDD /* Supports */,
				84716DF320D4C9AC00564EDD /* Module */,
			);
			path = ChatApp;
			sourceTree = "<group>";
		};
		84716DF320D4C9AC00564EDD /* Module */ = {
			isa = PBXGroup;
			children = (
				999583B22C5FFA3400F7DE73 /* Chat */,
				999583B12C5F838100F7DE73 /* ConfigureClient */,
				84716DF920D4CA5500564EDD /* Common */,
			);
			path = Module;
			sourceTree = "<group>";
		};
		84716DF520D4C9C700564EDD /* Supports */ = {
			isa = PBXGroup;
			children = (
				846444082068EB2E00D48A21 /* AppDelegate.swift */,
				846444142068EB2E00D48A21 /* Info.plist */,
			);
			path = Supports;
			sourceTree = "<group>";
		};
		84716DF620D4C9DA00564EDD /* Resources */ = {
			isa = PBXGroup;
			children = (
				8464440F2068EB2E00D48A21 /* Images.xcassets */,
				999583B72C60006E00F7DE73 /* Colors.xcassets */,
			);
			path = Resources;
			sourceTree = "<group>";
		};
		84716DF920D4CA5500564EDD /* Common */ = {
			isa = PBXGroup;
			children = (
				84716DFA20D4CA6D00564EDD /* Constants.swift */,
			);
			path = Common;
			sourceTree = "<group>";
		};
		999583B12C5F838100F7DE73 /* ConfigureClient */ = {
			isa = PBXGroup;
			children = (
				8464440A2068EB2E00D48A21 /* ConfigureClientViewController.swift */,
			);
			path = ConfigureClient;
			sourceTree = "<group>";
		};
		999583B22C5FFA3400F7DE73 /* Chat */ = {
			isa = PBXGroup;
			children = (
				999583B32C5FFA5000F7DE73 /* ChatViewController.swift */,
				999583B52C5FFF9A00F7DE73 /* IncomingMessageCell.swift */,
				999583B92C6001A300F7DE73 /* OutgoingMessageCell.swift */,
				999583BB2C600C7700F7DE73 /* ChatMessage.swift */,
			);
			path = Chat;
			sourceTree = "<group>";
		};
		99B8C0C22C5F75A200F98A16 /* Storyborad */ = {
			isa = PBXGroup;
			children = (
				846444112068EB2E00D48A21 /* LaunchScreen.storyboard */,
			);
			path = Storyborad;
			sourceTree = "<group>";
		};
		99B8C0C32C5F764000F98A16 /* Helper */ = {
			isa = PBXGroup;
			children = (
				99B8C0C42C5F765600F98A16 /* MQTTManager.swift */,
			);
			path = Helper;
			sourceTree = "<group>";
		};
		99B8C0C92C5F76F700F98A16 /* Misc */ = {
			isa = PBXGroup;
			children = (
			);
			path = Misc;
			sourceTree = "<group>";
		};
/* End PBXGroup section */

/* Begin PBXNativeTarget section */
		846444042068EB2E00D48A21 /* ChatApp */ = {
			isa = PBXNativeTarget;
			buildConfigurationList = 846444172068EB2E00D48A21 /* Build configuration list for PBXNativeTarget "ChatApp" */;
			buildPhases = (
				846444012068EB2E00D48A21 /* Sources */,
				846444022068EB2E00D48A21 /* Frameworks */,
				846444032068EB2E00D48A21 /* Resources */,
			);
			buildRules = (
			);
			dependencies = (
			);
			name = ChatApp;
			productName = ChatAppDemo;
			productReference = 846444052068EB2E00D48A21 /* ChatApp.app */;
			productType = "com.apple.product-type.application";
		};
/* End PBXNativeTarget section */

/* Begin PBXProject section */
		846443FD2068EB2E00D48A21 /* Project object */ = {
			isa = PBXProject;
			attributes = {
				BuildIndependentTargetsInParallel = YES;
				LastSwiftUpdateCheck = 0920;
				LastUpgradeCheck = 1600;
				ORGANIZATIONNAME = Admin;
				TargetAttributes = {
					846444042068EB2E00D48A21 = {
						CreatedOnToolsVersion = 9.2;
						ProvisioningStyle = Automatic;
					};
				};
			};
			buildConfigurationList = 846444002068EB2E00D48A21 /* Build configuration list for PBXProject "ChatApp" */;
			compatibilityVersion = "Xcode 8.0";
			developmentRegion = en;
			hasScannedForEncodings = 0;
			knownRegions = (
				en,
				Base,
			);
			mainGroup = 846443FC2068EB2D00D48A21;
			packageReferences = (
				99B8C0C62C5F76CF00F98A16 /* XCRemoteSwiftPackageReference "mqtt-nio" */,
			);
			productRefGroup = 846444062068EB2E00D48A21 /* Products */;
			projectDirPath = "";
			projectRoot = "";
			targets = (
				846444042068EB2E00D48A21 /* ChatApp */,
			);
		};
/* End PBXProject section */

/* Begin PBXResourcesBuildPhase section */
		846444032068EB2E00D48A21 /* Resources */ = {
			isa = PBXResourcesBuildPhase;
			buildActionMask = 2147483647;
			files = (
				999583B82C60006E00F7DE73 /* Colors.xcassets in Resources */,
				846444132068EB2E00D48A21 /* LaunchScreen.storyboard in Resources */,
				846444102068EB2E00D48A21 /* Images.xcassets in Resources */,
			);
			runOnlyForDeploymentPostprocessing = 0;
		};
/* End PBXResourcesBuildPhase section */

/* Begin PBXSourcesBuildPhase section */
		846444012068EB2E00D48A21 /* Sources */ = {
			isa = PBXSourcesBuildPhase;
			buildActionMask = 2147483647;
			files = (
				8464440B2068EB2E00D48A21 /* ConfigureClientViewController.swift in Sources */,
				999583BC2C600C7700F7DE73 /* ChatMessage.swift in Sources */,
				99B8C0C52C5F765600F98A16 /* MQTTManager.swift in Sources */,
				846444092068EB2E00D48A21 /* AppDelegate.swift in Sources */,
				999583B62C5FFF9A00F7DE73 /* IncomingMessageCell.swift in Sources */,
				999583B42C5FFA5000F7DE73 /* ChatViewController.swift in Sources */,
				999583BA2C6001A300F7DE73 /* OutgoingMessageCell.swift in Sources */,
				84716DFB20D4CA6D00564EDD /* Constants.swift in Sources */,
			);
			runOnlyForDeploymentPostprocessing = 0;
		};
/* End PBXSourcesBuildPhase section */

/* Begin PBXVariantGroup section */
		846444112068EB2E00D48A21 /* LaunchScreen.storyboard */ = {
			isa = PBXVariantGroup;
			children = (
				846444122068EB2E00D48A21 /* Base */,
			);
			name = LaunchScreen.storyboard;
			sourceTree = "<group>";
		};
/* End PBXVariantGroup section */

/* Begin XCBuildConfiguration section */
		846444152068EB2E00D48A21 /* Debug */ = {
			isa = XCBuildConfiguration;
			buildSettings = {
				ALWAYS_SEARCH_USER_PATHS = NO;
				ASSETCATALOG_COMPILER_GENERATE_SWIFT_ASSET_SYMBOL_EXTENSIONS = YES;
				CLANG_ANALYZER_NONNULL = YES;
				CLANG_ANALYZER_NUMBER_OBJECT_CONVERSION = YES_AGGRESSIVE;
				CLANG_CXX_LANGUAGE_STANDARD = "gnu++14";
				CLANG_CXX_LIBRARY = "libc++";
				CLANG_ENABLE_MODULES = YES;
				CLANG_ENABLE_OBJC_ARC = YES;
				CLANG_WARN_BLOCK_CAPTURE_AUTORELEASING = YES;
				CLANG_WARN_BOOL_CONVERSION = YES;
				CLANG_WARN_COMMA = YES;
				CLANG_WARN_CONSTANT_CONVERSION = YES;
				CLANG_WARN_DEPRECATED_OBJC_IMPLEMENTATIONS = YES;
				CLANG_WARN_DIRECT_OBJC_ISA_USAGE = YES_ERROR;
				CLANG_WARN_DOCUMENTATION_COMMENTS = YES;
				CLANG_WARN_EMPTY_BODY = YES;
				CLANG_WARN_ENUM_CONVERSION = YES;
				CLANG_WARN_INFINITE_RECURSION = YES;
				CLANG_WARN_INT_CONVERSION = YES;
				CLANG_WARN_NON_LITERAL_NULL_CONVERSION = YES;
				CLANG_WARN_OBJC_IMPLICIT_RETAIN_SELF = YES;
				CLANG_WARN_OBJC_LITERAL_CONVERSION = YES;
				CLANG_WARN_OBJC_ROOT_CLASS = YES_ERROR;
				CLANG_WARN_QUOTED_INCLUDE_IN_FRAMEWORK_HEADER = YES;
				CLANG_WARN_RANGE_LOOP_ANALYSIS = YES;
				CLANG_WARN_STRICT_PROTOTYPES = YES;
				CLANG_WARN_SUSPICIOUS_MOVE = YES;
				CLANG_WARN_UNGUARDED_AVAILABILITY = YES_AGGRESSIVE;
				CLANG_WARN_UNREACHABLE_CODE = YES;
				CLANG_WARN__DUPLICATE_METHOD_MATCH = YES;
				CODE_SIGN_IDENTITY = "iPhone Developer";
				COPY_PHASE_STRIP = NO;
				DEBUG_INFORMATION_FORMAT = dwarf;
				ENABLE_STRICT_OBJC_MSGSEND = YES;
				ENABLE_TESTABILITY = YES;
				ENABLE_USER_SCRIPT_SANDBOXING = YES;
				GCC_C_LANGUAGE_STANDARD = gnu11;
				GCC_DYNAMIC_NO_PIC = NO;
				GCC_NO_COMMON_BLOCKS = YES;
				GCC_OPTIMIZATION_LEVEL = 0;
				GCC_PREPROCESSOR_DEFINITIONS = (
					"DEBUG=1",
					"$(inherited)",
				);
				GCC_WARN_64_TO_32_BIT_CONVERSION = YES;
				GCC_WARN_ABOUT_RETURN_TYPE = YES_ERROR;
				GCC_WARN_UNDECLARED_SELECTOR = YES;
				GCC_WARN_UNINITIALIZED_AUTOS = YES_AGGRESSIVE;
				GCC_WARN_UNUSED_FUNCTION = YES;
				GCC_WARN_UNUSED_VARIABLE = YES;
				IPHONEOS_DEPLOYMENT_TARGET = 12.0;
				MTL_ENABLE_DEBUG_INFO = YES;
				ONLY_ACTIVE_ARCH = YES;
				SDKROOT = iphoneos;
				SWIFT_ACTIVE_COMPILATION_CONDITIONS = DEBUG;
				SWIFT_OPTIMIZATION_LEVEL = "-Onone";
			};
			name = Debug;
		};
		846444162068EB2E00D48A21 /* Release */ = {
			isa = XCBuildConfiguration;
			buildSettings = {
				ALWAYS_SEARCH_USER_PATHS = NO;
				ASSETCATALOG_COMPILER_GENERATE_SWIFT_ASSET_SYMBOL_EXTENSIONS = YES;
				CLANG_ANALYZER_NONNULL = YES;
				CLANG_ANALYZER_NUMBER_OBJECT_CONVERSION = YES_AGGRESSIVE;
				CLANG_CXX_LANGUAGE_STANDARD = "gnu++14";
				CLANG_CXX_LIBRARY = "libc++";
				CLANG_ENABLE_MODULES = YES;
				CLANG_ENABLE_OBJC_ARC = YES;
				CLANG_WARN_BLOCK_CAPTURE_AUTORELEASING = YES;
				CLANG_WARN_BOOL_CONVERSION = YES;
				CLANG_WARN_COMMA = YES;
				CLANG_WARN_CONSTANT_CONVERSION = YES;
				CLANG_WARN_DEPRECATED_OBJC_IMPLEMENTATIONS = YES;
				CLANG_WARN_DIRECT_OBJC_ISA_USAGE = YES_ERROR;
				CLANG_WARN_DOCUMENTATION_COMMENTS = YES;
				CLANG_WARN_EMPTY_BODY = YES;
				CLANG_WARN_ENUM_CONVERSION = YES;
				CLANG_WARN_INFINITE_RECURSION = YES;
				CLANG_WARN_INT_CONVERSION = YES;
				CLANG_WARN_NON_LITERAL_NULL_CONVERSION = YES;
				CLANG_WARN_OBJC_IMPLICIT_RETAIN_SELF = YES;
				CLANG_WARN_OBJC_LITERAL_CONVERSION = YES;
				CLANG_WARN_OBJC_ROOT_CLASS = YES_ERROR;
				CLANG_WARN_QUOTED_INCLUDE_IN_FRAMEWORK_HEADER = YES;
				CLANG_WARN_RANGE_LOOP_ANALYSIS = YES;
				CLANG_WARN_STRICT_PROTOTYPES = YES;
				CLANG_WARN_SUSPICIOUS_MOVE = YES;
				CLANG_WARN_UNGUARDED_AVAILABILITY = YES_AGGRESSIVE;
				CLANG_WARN_UNREACHABLE_CODE = YES;
				CLANG_WARN__DUPLICATE_METHOD_MATCH = YES;
				CODE_SIGN_IDENTITY = "iPhone Developer";
				COPY_PHASE_STRIP = NO;
				DEBUG_INFORMATION_FORMAT = "dwarf-with-dsym";
				ENABLE_NS_ASSERTIONS = NO;
				ENABLE_STRICT_OBJC_MSGSEND = YES;
				ENABLE_USER_SCRIPT_SANDBOXING = YES;
				GCC_C_LANGUAGE_STANDARD = gnu11;
				GCC_NO_COMMON_BLOCKS = YES;
				GCC_WARN_64_TO_32_BIT_CONVERSION = YES;
				GCC_WARN_ABOUT_RETURN_TYPE = YES_ERROR;
				GCC_WARN_UNDECLARED_SELECTOR = YES;
				GCC_WARN_UNINITIALIZED_AUTOS = YES_AGGRESSIVE;
				GCC_WARN_UNUSED_FUNCTION = YES;
				GCC_WARN_UNUSED_VARIABLE = YES;
				IPHONEOS_DEPLOYMENT_TARGET = 12.0;
				MTL_ENABLE_DEBUG_INFO = NO;
				SDKROOT = iphoneos;
				SWIFT_COMPILATION_MODE = wholemodule;
				SWIFT_OPTIMIZATION_LEVEL = "-O";
				VALIDATE_PRODUCT = YES;
			};
			name = Release;
		};
		846444182068EB2E00D48A21 /* Debug */ = {
			isa = XCBuildConfiguration;
			buildSettings = {
				ASSETCATALOG_COMPILER_APPICON_NAME = AppIcon;
				CODE_SIGN_STYLE = Automatic;
				INFOPLIST_FILE = "$(SRCROOT)/ChatApp/Supports/Info.plist";
				IPHONEOS_DEPLOYMENT_TARGET = 17.0;
				LD_RUNPATH_SEARCH_PATHS = (
					"$(inherited)",
					"@executable_path/Frameworks",
				);
				PRODUCT_BUNDLE_IDENTIFIER = com.anbu.chatapp;
				PRODUCT_NAME = "$(TARGET_NAME)";
				SUPPORTED_PLATFORMS = "iphoneos iphonesimulator";
				SUPPORTS_MACCATALYST = NO;
				SUPPORTS_MAC_DESIGNED_FOR_IPHONE_IPAD = NO;
				SUPPORTS_XR_DESIGNED_FOR_IPHONE_IPAD = NO;
				SWIFT_STRICT_CONCURRENCY = complete;
				SWIFT_UPCOMING_FEATURE_CONCISE_MAGIC_FILE = YES;
				SWIFT_UPCOMING_FEATURE_DEPRECATE_APPLICATION_MAIN = YES;
				SWIFT_UPCOMING_FEATURE_DISABLE_OUTWARD_ACTOR_ISOLATION = YES;
				SWIFT_UPCOMING_FEATURE_EXISTENTIAL_ANY = NO;
				SWIFT_UPCOMING_FEATURE_FORWARD_TRAILING_CLOSURES = YES;
				SWIFT_UPCOMING_FEATURE_GLOBAL_CONCURRENCY = YES;
				SWIFT_UPCOMING_FEATURE_IMPLICIT_OPEN_EXISTENTIALS = YES;
				SWIFT_UPCOMING_FEATURE_IMPORT_OBJC_FORWARD_DECLS = YES;
				SWIFT_UPCOMING_FEATURE_INFER_SENDABLE_FROM_CAPTURES = YES;
				SWIFT_UPCOMING_FEATURE_INTERNAL_IMPORTS_BY_DEFAULT = YES;
				SWIFT_UPCOMING_FEATURE_ISOLATED_DEFAULT_VALUES = YES;
				SWIFT_UPCOMING_FEATURE_REGION_BASED_ISOLATION = YES;
				SWIFT_VERSION = 5.0;
				TARGETED_DEVICE_FAMILY = "1,2";
			};
			name = Debug;
		};
		846444192068EB2E00D48A21 /* Release */ = {
			isa = XCBuildConfiguration;
			buildSettings = {
				ASSETCATALOG_COMPILER_APPICON_NAME = AppIcon;
				CODE_SIGN_STYLE = Automatic;
				INFOPLIST_FILE = "$(SRCROOT)/ChatApp/Supports/Info.plist";
				IPHONEOS_DEPLOYMENT_TARGET = 17.0;
				LD_RUNPATH_SEARCH_PATHS = (
					"$(inherited)",
					"@executable_path/Frameworks",
				);
				PRODUCT_BUNDLE_IDENTIFIER = com.anbu.chatapp;
				PRODUCT_NAME = "$(TARGET_NAME)";
				SUPPORTED_PLATFORMS = "iphoneos iphonesimulator";
				SUPPORTS_MACCATALYST = NO;
				SUPPORTS_MAC_DESIGNED_FOR_IPHONE_IPAD = NO;
				SUPPORTS_XR_DESIGNED_FOR_IPHONE_IPAD = NO;
				SWIFT_STRICT_CONCURRENCY = complete;
				SWIFT_UPCOMING_FEATURE_CONCISE_MAGIC_FILE = YES;
				SWIFT_UPCOMING_FEATURE_DEPRECATE_APPLICATION_MAIN = YES;
				SWIFT_UPCOMING_FEATURE_DISABLE_OUTWARD_ACTOR_ISOLATION = YES;
				SWIFT_UPCOMING_FEATURE_EXISTENTIAL_ANY = NO;
				SWIFT_UPCOMING_FEATURE_FORWARD_TRAILING_CLOSURES = YES;
				SWIFT_UPCOMING_FEATURE_GLOBAL_CONCURRENCY = YES;
				SWIFT_UPCOMING_FEATURE_IMPLICIT_OPEN_EXISTENTIALS = YES;
				SWIFT_UPCOMING_FEATURE_IMPORT_OBJC_FORWARD_DECLS = YES;
				SWIFT_UPCOMING_FEATURE_INFER_SENDABLE_FROM_CAPTURES = YES;
				SWIFT_UPCOMING_FEATURE_INTERNAL_IMPORTS_BY_DEFAULT = YES;
				SWIFT_UPCOMING_FEATURE_ISOLATED_DEFAULT_VALUES = YES;
				SWIFT_UPCOMING_FEATURE_REGION_BASED_ISOLATION = YES;
				SWIFT_VERSION = 5.0;
				TARGETED_DEVICE_FAMILY = "1,2";
			};
			name = Release;
		};
/* End XCBuildConfiguration section */

/* Begin XCConfigurationList section */
		846444002068EB2E00D48A21 /* Build configuration list for PBXProject "ChatApp" */ = {
			isa = XCConfigurationList;
			buildConfigurations = (
				846444152068EB2E00D48A21 /* Debug */,
				846444162068EB2E00D48A21 /* Release */,
			);
			defaultConfigurationIsVisible = 0;
			defaultConfigurationName = Release;
		};
		846444172068EB2E00D48A21 /* Build configuration list for PBXNativeTarget "ChatApp" */ = {
			isa = XCConfigurationList;
			buildConfigurations = (
				846444182068EB2E00D48A21 /* Debug */,
				846444192068EB2E00D48A21 /* Release */,
			);
			defaultConfigurationIsVisible = 0;
			defaultConfigurationName = Release;
		};
/* End XCConfigurationList section */

/* Begin XCRemoteSwiftPackageReference section */
		99B8C0C62C5F76CF00F98A16 /* XCRemoteSwiftPackageReference "mqtt-nio" */ = {
			isa = XCRemoteSwiftPackageReference;
			repositoryURL = "https://github.com/sroebert/mqtt-nio.git";
			requirement = {
				kind = upToNextMajorVersion;
				minimumVersion = 2.8.1;
			};
		};
/* End XCRemoteSwiftPackageReference section */

/* Begin XCSwiftPackageProductDependency section */
		99B8C0C72C5F76CF00F98A16 /* MQTTNIO */ = {
			isa = XCSwiftPackageProductDependency;
			package = 99B8C0C62C5F76CF00F98A16 /* XCRemoteSwiftPackageReference "mqtt-nio" */;
			productName = MQTTNIO;
		};
/* End XCSwiftPackageProductDependency section */
	};
	rootObject = 846443FD2068EB2E00D48A21 /* Project object */;
}
